
Microsoft Visual Studio Solution File, Format Version 12.00
# Visual Studio 15
VisualStudioVersion = 15.0.27703.2042
MinimumVisualStudioVersion = 10.0.40219.1
Project("{FAE04EC0-301F-11D3-BF4B-00C04F79EFBC}") = "SymbolTickr.Android", "SymbolTickr\SymbolTickr.Android\SymbolTickr.Android.csproj", "{0EAADFE1-458B-4DFB-AD8A-C0B452F3C42F}"
EndProject
Project("{FAE04EC0-301F-11D3-BF4B-00C04F79EFBC}") = "SymbolTickr.iOS", "SymbolTickr\SymbolTickr.iOS\SymbolTickr.iOS.csproj", "{E0DBE8A3-C315-447F-9F57-A3ACDCAC7254}"
EndProject
Project("{FAE04EC0-301F-11D3-BF4B-00C04F79EFBC}") = "SymbolTickr.UWP", "SymbolTickr\SymbolTickr.UWP\SymbolTickr.UWP.csproj", "{A24B8F6E-80D3-4DAE-8F0C-BF61C0B9B500}"
EndProject
Project("{D954291E-2A0B-460D-934E-DC6B0785DB48}") = "SymbolTickr", "SymbolTickr\SymbolTickr\SymbolTickr.shproj", "{DDBA3814-D579-4A24-8F2D-D16B137C1BC2}"
EndProject
Project("{FAE04EC0-301F-11D3-BF4B-00C04F79EFBC}") = "QuoteStreamer", "..\Shared\QuoteStreamer\QuoteStreamer.csproj", "{33A3BE35-0DE5-4CA2-8CD0-3532610F28BB}"
EndProject
Global
	GlobalSection(SharedMSBuildProjectFiles) = preSolution
		SymbolTickr\SymbolTickr\SymbolTickr.projitems*{0eaadfe1-458b-4dfb-ad8a-c0b452f3c42f}*SharedItemsImports = 4
		SymbolTickr\SymbolTickr\SymbolTickr.projitems*{a24b8f6e-80d3-4dae-8f0c-bf61c0b9b500}*SharedItemsImports = 4
		SymbolTickr\SymbolTickr\SymbolTickr.projitems*{ddba3814-d579-4a24-8f2d-d16b137c1bc2}*SharedItemsImports = 13
		SymbolTickr\SymbolTickr\SymbolTickr.projitems*{e0dbe8a3-c315-447f-9f57-a3acdcac7254}*SharedItemsImports = 4
	EndGlobalSection
	GlobalSection(SolutionConfigurationPlatforms) = preSolution
		Ad-Hoc|Any CPU = Ad-Hoc|Any CPU
		Ad-Hoc|ARM = Ad-Hoc|ARM
		Ad-Hoc|iPhone = Ad-Hoc|iPhone
		Ad-Hoc|iPhoneSimulator = Ad-Hoc|iPhoneSimulator
		Ad-Hoc|x64 = Ad-Hoc|x64
		Ad-Hoc|x86 = Ad-Hoc|x86
		AppStore|Any CPU = AppStore|Any CPU
		AppStore|ARM = AppStore|ARM
		AppStore|iPhone = AppStore|iPhone
		AppStore|iPhoneSimulator = AppStore|iPhoneSimulator
		AppStore|x64 = AppStore|x64
		AppStore|x86 = AppStore|x86
		Debug|Any CPU = Debug|Any CPU
		Debug|ARM = Debug|ARM
		Debug|iPhone = Debug|iPhone
		Debug|iPhoneSimulator = Debug|iPhoneSimulator
		Debug|x64 = Debug|x64
		Debug|x86 = Debug|x86
		Release|Any CPU = Release|Any CPU
		Release|ARM = Release|ARM
		Release|iPhone = Release|iPhone
		Release|iPhoneSimulator = Release|iPhoneSimulator
		Release|x64 = Release|x64
		Release|x86 = Release|x86
	EndGlobalSection
	GlobalSection(ProjectConfigurationPlatforms) = postSolution
		{0EAADFE1-458B-4DFB-AD8A-C0B452F3C42F}.Ad-Hoc|Any CPU.ActiveCfg = Release|Any CPU
		{0EAADFE1-458B-4DFB-AD8A-C0B452F3C42F}.Ad-Hoc|Any CPU.Build.0 = Release|Any CPU
		{0EAADFE1-458B-4DFB-AD8A-C0B452F3C42F}.Ad-Hoc|Any CPU.Deploy.0 = Release|Any CPU
		{0EAADFE1-458B-4DFB-AD8A-C0B452F3C42F}.Ad-Hoc|ARM.ActiveCfg = Release|Any CPU
		{0EAADFE1-458B-4DFB-AD8A-C0B452F3C42F}.Ad-Hoc|ARM.Build.0 = Release|Any CPU
		{0EAADFE1-458B-4DFB-AD8A-C0B452F3C42F}.Ad-Hoc|ARM.Deploy.0 = Release|Any CPU
		{0EAADFE1-458B-4DFB-AD8A-C0B452F3C42F}.Ad-Hoc|iPhone.ActiveCfg = Release|Any CPU
		{0EAADFE1-458B-4DFB-AD8A-C0B452F3C42F}.Ad-Hoc|iPhone.Build.0 = Release|Any CPU
		{0EAADFE1-458B-4DFB-AD8A-C0B452F3C42F}.Ad-Hoc|iPhone.Deploy.0 = Release|Any CPU
		{0EAADFE1-458B-4DFB-AD8A-C0B452F3C42F}.Ad-Hoc|iPhoneSimulator.ActiveCfg = Release|Any CPU
		{0EAADFE1-458B-4DFB-AD8A-C0B452F3C42F}.Ad-Hoc|iPhoneSimulator.Build.0 = Release|Any CPU
		{0EAADFE1-458B-4DFB-AD8A-C0B452F3C42F}.Ad-Hoc|iPhoneSimulator.Deploy.0 = Release|Any CPU
		{0EAADFE1-458B-4DFB-AD8A-C0B452F3C42F}.Ad-Hoc|x64.ActiveCfg = Release|Any CPU
		{0EAADFE1-458B-4DFB-AD8A-C0B452F3C42F}.Ad-Hoc|x64.Build.0 = Release|Any CPU
		{0EAADFE1-458B-4DFB-AD8A-C0B452F3C42F}.Ad-Hoc|x64.Deploy.0 = Release|Any CPU
		{0EAADFE1-458B-4DFB-AD8A-C0B452F3C42F}.Ad-Hoc|x86.ActiveCfg = Release|Any CPU
		{0EAADFE1-458B-4DFB-AD8A-C0B452F3C42F}.Ad-Hoc|x86.Build.0 = Release|Any CPU
		{0EAADFE1-458B-4DFB-AD8A-C0B452F3C42F}.Ad-Hoc|x86.Deploy.0 = Release|Any CPU
		{0EAADFE1-458B-4DFB-AD8A-C0B452F3C42F}.AppStore|Any CPU.ActiveCfg = Release|Any CPU
		{0EAADFE1-458B-4DFB-AD8A-C0B452F3C42F}.AppStore|Any CPU.Build.0 = Release|Any CPU
		{0EAADFE1-458B-4DFB-AD8A-C0B452F3C42F}.AppStore|Any CPU.Deploy.0 = Release|Any CPU
		{0EAADFE1-458B-4DFB-AD8A-C0B452F3C42F}.AppStore|ARM.ActiveCfg = Release|Any CPU
		{0EAADFE1-458B-4DFB-AD8A-C0B452F3C42F}.AppStore|ARM.Build.0 = Release|Any CPU
		{0EAADFE1-458B-4DFB-AD8A-C0B452F3C42F}.AppStore|ARM.Deploy.0 = Release|Any CPU
		{0EAADFE1-458B-4DFB-AD8A-C0B452F3C42F}.AppStore|iPhone.ActiveCfg = Release|Any CPU
		{0EAADFE1-458B-4DFB-AD8A-C0B452F3C42F}.AppStore|iPhone.Build.0 = Release|Any CPU
		{0EAADFE1-458B-4DFB-AD8A-C0B452F3C42F}.AppStore|iPhone.Deploy.0 = Release|Any CPU
		{0EAADFE1-458B-4DFB-AD8A-C0B452F3C42F}.AppStore|iPhoneSimulator.ActiveCfg = Release|Any CPU
		{0EAADFE1-458B-4DFB-AD8A-C0B452F3C42F}.AppStore|iPhoneSimulator.Build.0 = Release|Any CPU
		{0EAADFE1-458B-4DFB-AD8A-C0B452F3C42F}.AppStore|iPhoneSimulator.Deploy.0 = Release|Any CPU
		{0EAADFE1-458B-4DFB-AD8A-C0B452F3C42F}.AppStore|x64.ActiveCfg = Release|Any CPU
		{0EAADFE1-458B-4DFB-AD8A-C0B452F3C42F}.AppStore|x64.Build.0 = Release|Any CPU
		{0EAADFE1-458B-4DFB-AD8A-C0B452F3C42F}.AppStore|x64.Deploy.0 = Release|Any CPU
		{0EAADFE1-458B-4DFB-AD8A-C0B452F3C42F}.AppStore|x86.ActiveCfg = Release|Any CPU
		{0EAADFE1-458B-4DFB-AD8A-C0B452F3C42F}.AppStore|x86.Build.0 = Release|Any CPU
		{0EAADFE1-458B-4DFB-AD8A-C0B452F3C42F}.AppStore|x86.Deploy.0 = Release|Any CPU
		{0EAADFE1-458B-4DFB-AD8A-C0B452F3C42F}.Debug|Any CPU.ActiveCfg = Debug|Any CPU
		{0EAADFE1-458B-4DFB-AD8A-C0B452F3C42F}.Debug|Any CPU.Build.0 = Debug|Any CPU
		{0EAADFE1-458B-4DFB-AD8A-C0B452F3C42F}.Debug|Any CPU.Deploy.0 = Debug|Any CPU
		{0EAADFE1-458B-4DFB-AD8A-C0B452F3C42F}.Debug|ARM.ActiveCfg = Debug|Any CPU
		{0EAADFE1-458B-4DFB-AD8A-C0B452F3C42F}.Debug|ARM.Build.0 = Debug|Any CPU
		{0EAADFE1-458B-4DFB-AD8A-C0B452F3C42F}.Debug|ARM.Deploy.0 = Debug|Any CPU
		{0EAADFE1-458B-4DFB-AD8A-C0B452F3C42F}.Debug|iPhone.ActiveCfg = Debug|Any CPU
		{0EAADFE1-458B-4DFB-AD8A-C0B452F3C42F}.Debug|iPhone.Build.0 = Debug|Any CPU
		{0EAADFE1-458B-4DFB-AD8A-C0B452F3C42F}.Debug|iPhone.Deploy.0 = Debug|Any CPU
		{0EAADFE1-458B-4DFB-AD8A-C0B452F3C42F}.Debug|iPhoneSimulator.ActiveCfg = Debug|Any CPU
		{0EAADFE1-458B-4DFB-AD8A-C0B452F3C42F}.Debug|iPhoneSimulator.Build.0 = Debug|Any CPU
		{0EAADFE1-458B-4DFB-AD8A-C0B452F3C42F}.Debug|iPhoneSimulator.Deploy.0 = Debug|Any CPU
		{0EAADFE1-458B-4DFB-AD8A-C0B452F3C42F}.Debug|x64.ActiveCfg = Debug|Any CPU
		{0EAADFE1-458B-4DFB-AD8A-C0B452F3C42F}.Debug|x64.Build.0 = Debug|Any CPU
		{0EAADFE1-458B-4DFB-AD8A-C0B452F3C42F}.Debug|x64.Deploy.0 = Debug|Any CPU
		{0EAADFE1-458B-4DFB-AD8A-C0B452F3C42F}.Debug|x86.ActiveCfg = Debug|Any CPU
		{0EAADFE1-458B-4DFB-AD8A-C0B452F3C42F}.Debug|x86.Build.0 = Debug|Any CPU
		{0EAADFE1-458B-4DFB-AD8A-C0B452F3C42F}.Debug|x86.Deploy.0 = Debug|Any CPU
		{0EAADFE1-458B-4DFB-AD8A-C0B452F3C42F}.Release|Any CPU.ActiveCfg = Release|Any CPU
		{0EAADFE1-458B-4DFB-AD8A-C0B452F3C42F}.Release|Any CPU.Build.0 = Release|Any CPU
		{0EAADFE1-458B-4DFB-AD8A-C0B452F3C42F}.Release|Any CPU.Deploy.0 = Release|Any CPU
		{0EAADFE1-458B-4DFB-AD8A-C0B452F3C42F}.Release|ARM.ActiveCfg = Release|Any CPU
		{0EAADFE1-458B-4DFB-AD8A-C0B452F3C42F}.Release|ARM.Build.0 = Release|Any CPU
		{0EAADFE1-458B-4DFB-AD8A-C0B452F3C42F}.Release|ARM.Deploy.0 = Release|Any CPU
		{0EAADFE1-458B-4DFB-AD8A-C0B452F3C42F}.Release|iPhone.ActiveCfg = Release|Any CPU
		{0EAADFE1-458B-4DFB-AD8A-C0B452F3C42F}.Release|iPhone.Build.0 = Release|Any CPU
		{0EAADFE1-458B-4DFB-AD8A-C0B452F3C42F}.Release|iPhone.Deploy.0 = Release|Any CPU
		{0EAADFE1-458B-4DFB-AD8A-C0B452F3C42F}.Release|iPhoneSimulator.ActiveCfg = Release|Any CPU
		{0EAADFE1-458B-4DFB-AD8A-C0B452F3C42F}.Release|iPhoneSimulator.Build.0 = Release|Any CPU
		{0EAADFE1-458B-4DFB-AD8A-C0B452F3C42F}.Release|iPhoneSimulator.Deploy.0 = Release|Any CPU
		{0EAADFE1-458B-4DFB-AD8A-C0B452F3C42F}.Release|x64.ActiveCfg = Release|Any CPU
		{0EAADFE1-458B-4DFB-AD8A-C0B452F3C42F}.Release|x64.Build.0 = Release|Any CPU
		{0EAADFE1-458B-4DFB-AD8A-C0B452F3C42F}.Release|x64.Deploy.0 = Release|Any CPU
		{0EAADFE1-458B-4DFB-AD8A-C0B452F3C42F}.Release|x86.ActiveCfg = Release|Any CPU
		{0EAADFE1-458B-4DFB-AD8A-C0B452F3C42F}.Release|x86.Build.0 = Release|Any CPU
		{0EAADFE1-458B-4DFB-AD8A-C0B452F3C42F}.Release|x86.Deploy.0 = Release|Any CPU
		{E0DBE8A3-C315-447F-9F57-A3ACDCAC7254}.Ad-Hoc|Any CPU.ActiveCfg = Ad-Hoc|iPhone
		{E0DBE8A3-C315-447F-9F57-A3ACDCAC7254}.Ad-Hoc|Any CPU.Build.0 = Ad-Hoc|iPhone
		{E0DBE8A3-C315-447F-9F57-A3ACDCAC7254}.Ad-Hoc|Any CPU.Deploy.0 = Ad-Hoc|iPhone
		{E0DBE8A3-C315-447F-9F57-A3ACDCAC7254}.Ad-Hoc|ARM.ActiveCfg = Ad-Hoc|iPhone
		{E0DBE8A3-C315-447F-9F57-A3ACDCAC7254}.Ad-Hoc|ARM.Build.0 = Ad-Hoc|iPhone
		{E0DBE8A3-C315-447F-9F57-A3ACDCAC7254}.Ad-Hoc|ARM.Deploy.0 = Ad-Hoc|iPhone
		{E0DBE8A3-C315-447F-9F57-A3ACDCAC7254}.Ad-Hoc|iPhone.ActiveCfg = Ad-Hoc|iPhone
		{E0DBE8A3-C315-447F-9F57-A3ACDCAC7254}.Ad-Hoc|iPhone.Build.0 = Ad-Hoc|iPhone
		{E0DBE8A3-C315-447F-9F57-A3ACDCAC7254}.Ad-Hoc|iPhone.Deploy.0 = Ad-Hoc|iPhone
		{E0DBE8A3-C315-447F-9F57-A3ACDCAC7254}.Ad-Hoc|iPhoneSimulator.ActiveCfg = Ad-Hoc|iPhoneSimulator
		{E0DBE8A3-C315-447F-9F57-A3ACDCAC7254}.Ad-Hoc|iPhoneSimulator.Build.0 = Ad-Hoc|iPhoneSimulator
		{E0DBE8A3-C315-447F-9F57-A3ACDCAC7254}.Ad-Hoc|iPhoneSimulator.Deploy.0 = Ad-Hoc|iPhoneSimulator
		{E0DBE8A3-C315-447F-9F57-A3ACDCAC7254}.Ad-Hoc|x64.ActiveCfg = Ad-Hoc|iPhone
		{E0DBE8A3-C315-447F-9F57-A3ACDCAC7254}.Ad-Hoc|x64.Build.0 = Ad-Hoc|iPhone
		{E0DBE8A3-C315-447F-9F57-A3ACDCAC7254}.Ad-Hoc|x64.Deploy.0 = Ad-Hoc|iPhone
		{E0DBE8A3-C315-447F-9F57-A3ACDCAC7254}.Ad-Hoc|x86.ActiveCfg = Ad-Hoc|iPhone
		{E0DBE8A3-C315-447F-9F57-A3ACDCAC7254}.Ad-Hoc|x86.Build.0 = Ad-Hoc|iPhone
		{E0DBE8A3-C315-447F-9F57-A3ACDCAC7254}.Ad-Hoc|x86.Deploy.0 = Ad-Hoc|iPhone
		{E0DBE8A3-C315-447F-9F57-A3ACDCAC7254}.AppStore|Any CPU.ActiveCfg = AppStore|iPhone
		{E0DBE8A3-C315-447F-9F57-A3ACDCAC7254}.AppStore|Any CPU.Build.0 = AppStore|iPhone
		{E0DBE8A3-C315-447F-9F57-A3ACDCAC7254}.AppStore|Any CPU.Deploy.0 = AppStore|iPhone
		{E0DBE8A3-C315-447F-9F57-A3ACDCAC7254}.AppStore|ARM.ActiveCfg = AppStore|iPhone
		{E0DBE8A3-C315-447F-9F57-A3ACDCAC7254}.AppStore|ARM.Build.0 = AppStore|iPhone
		{E0DBE8A3-C315-447F-9F57-A3ACDCAC7254}.AppStore|ARM.Deploy.0 = AppStore|iPhone
		{E0DBE8A3-C315-447F-9F57-A3ACDCAC7254}.AppStore|iPhone.ActiveCfg = AppStore|iPhone
		{E0DBE8A3-C315-447F-9F57-A3ACDCAC7254}.AppStore|iPhone.Build.0 = AppStore|iPhone
		{E0DBE8A3-C315-447F-9F57-A3ACDCAC7254}.AppStore|iPhone.Deploy.0 = AppStore|iPhone
		{E0DBE8A3-C315-447F-9F57-A3ACDCAC7254}.AppStore|iPhoneSimulator.ActiveCfg = AppStore|iPhoneSimulator
		{E0DBE8A3-C315-447F-9F57-A3ACDCAC7254}.AppStore|iPhoneSimulator.Build.0 = AppStore|iPhoneSimulator
		{E0DBE8A3-C315-447F-9F57-A3ACDCAC7254}.AppStore|iPhoneSimulator.Deploy.0 = AppStore|iPhoneSimulator
		{E0DBE8A3-C315-447F-9F57-A3ACDCAC7254}.AppStore|x64.ActiveCfg = AppStore|iPhone
		{E0DBE8A3-C315-447F-9F57-A3ACDCAC7254}.AppStore|x64.Build.0 = AppStore|iPhone
		{E0DBE8A3-C315-447F-9F57-A3ACDCAC7254}.AppStore|x64.Deploy.0 = AppStore|iPhone
		{E0DBE8A3-C315-447F-9F57-A3ACDCAC7254}.AppStore|x86.ActiveCfg = AppStore|iPhone
		{E0DBE8A3-C315-447F-9F57-A3ACDCAC7254}.AppStore|x86.Build.0 = AppStore|iPhone
		{E0DBE8A3-C315-447F-9F57-A3ACDCAC7254}.AppStore|x86.Deploy.0 = AppStore|iPhone
		{E0DBE8A3-C315-447F-9F57-A3ACDCAC7254}.Debug|Any CPU.ActiveCfg = Debug|iPhoneSimulator
		{E0DBE8A3-C315-447F-9F57-A3ACDCAC7254}.Debug|Any CPU.Build.0 = Debug|iPhoneSimulator
		{E0DBE8A3-C315-447F-9F57-A3ACDCAC7254}.Debug|Any CPU.Deploy.0 = Debug|iPhoneSimulator
		{E0DBE8A3-C315-447F-9F57-A3ACDCAC7254}.Debug|ARM.ActiveCfg = Debug|iPhone
		{E0DBE8A3-C315-447F-9F57-A3ACDCAC7254}.Debug|ARM.Build.0 = Debug|iPhone
		{E0DBE8A3-C315-447F-9F57-A3ACDCAC7254}.Debug|ARM.Deploy.0 = Debug|iPhone
		{E0DBE8A3-C315-447F-9F57-A3ACDCAC7254}.Debug|iPhone.ActiveCfg = Debug|iPhone
		{E0DBE8A3-C315-447F-9F57-A3ACDCAC7254}.Debug|iPhone.Build.0 = Debug|iPhone
		{E0DBE8A3-C315-447F-9F57-A3ACDCAC7254}.Debug|iPhone.Deploy.0 = Debug|iPhone
		{E0DBE8A3-C315-447F-9F57-A3ACDCAC7254}.Debug|iPhoneSimulator.ActiveCfg = Debug|iPhoneSimulator
		{E0DBE8A3-C315-447F-9F57-A3ACDCAC7254}.Debug|iPhoneSimulator.Build.0 = Debug|iPhoneSimulator
		{E0DBE8A3-C315-447F-9F57-A3ACDCAC7254}.Debug|iPhoneSimulator.Deploy.0 = Debug|iPhoneSimulator
		{E0DBE8A3-C315-447F-9F57-A3ACDCAC7254}.Debug|x64.ActiveCfg = Debug|iPhone
		{E0DBE8A3-C315-447F-9F57-A3ACDCAC7254}.Debug|x64.Build.0 = Debug|iPhone
		{E0DBE8A3-C315-447F-9F57-A3ACDCAC7254}.Debug|x64.Deploy.0 = Debug|iPhone
		{E0DBE8A3-C315-447F-9F57-A3ACDCAC7254}.Debug|x86.ActiveCfg = Debug|iPhone
		{E0DBE8A3-C315-447F-9F57-A3ACDCAC7254}.Debug|x86.Build.0 = Debug|iPhone
		{E0DBE8A3-C315-447F-9F57-A3ACDCAC7254}.Debug|x86.Deploy.0 = Debug|iPhone
		{E0DBE8A3-C315-447F-9F57-A3ACDCAC7254}.Release|Any CPU.ActiveCfg = Release|iPhone
		{E0DBE8A3-C315-447F-9F57-A3ACDCAC7254}.Release|Any CPU.Build.0 = Release|iPhone
		{E0DBE8A3-C315-447F-9F57-A3ACDCAC7254}.Release|Any CPU.Deploy.0 = Release|iPhone
		{E0DBE8A3-C315-447F-9F57-A3ACDCAC7254}.Release|ARM.ActiveCfg = Release|iPhone
		{E0DBE8A3-C315-447F-9F57-A3ACDCAC7254}.Release|ARM.Build.0 = Release|iPhone
		{E0DBE8A3-C315-447F-9F57-A3ACDCAC7254}.Release|ARM.Deploy.0 = Release|iPhone
		{E0DBE8A3-C315-447F-9F57-A3ACDCAC7254}.Release|iPhone.ActiveCfg = Release|iPhone
		{E0DBE8A3-C315-447F-9F57-A3ACDCAC7254}.Release|iPhone.Build.0 = Release|iPhone
		{E0DBE8A3-C315-447F-9F57-A3ACDCAC7254}.Release|iPhone.Deploy.0 = Release|iPhone
		{E0DBE8A3-C315-447F-9F57-A3ACDCAC7254}.Release|iPhoneSimulator.ActiveCfg = Release|iPhoneSimulator
		{E0DBE8A3-C315-447F-9F57-A3ACDCAC7254}.Release|iPhoneSimulator.Build.0 = Release|iPhoneSimulator
		{E0DBE8A3-C315-447F-9F57-A3ACDCAC7254}.Release|iPhoneSimulator.Deploy.0 = Release|iPhoneSimulator
		{E0DBE8A3-C315-447F-9F57-A3ACDCAC7254}.Release|x64.ActiveCfg = Release|iPhone
		{E0DBE8A3-C315-447F-9F57-A3ACDCAC7254}.Release|x64.Build.0 = Release|iPhone
		{E0DBE8A3-C315-447F-9F57-A3ACDCAC7254}.Release|x64.Deploy.0 = Release|iPhone
		{E0DBE8A3-C315-447F-9F57-A3ACDCAC7254}.Release|x86.ActiveCfg = Release|iPhone
		{E0DBE8A3-C315-447F-9F57-A3ACDCAC7254}.Release|x86.Build.0 = Release|iPhone
		{E0DBE8A3-C315-447F-9F57-A3ACDCAC7254}.Release|x86.Deploy.0 = Release|iPhone
		{A24B8F6E-80D3-4DAE-8F0C-BF61C0B9B500}.Ad-Hoc|Any CPU.ActiveCfg = Release|x86
		{A24B8F6E-80D3-4DAE-8F0C-BF61C0B9B500}.Ad-Hoc|Any CPU.Build.0 = Release|x86
		{A24B8F6E-80D3-4DAE-8F0C-BF61C0B9B500}.Ad-Hoc|Any CPU.Deploy.0 = Release|x86
		{A24B8F6E-80D3-4DAE-8F0C-BF61C0B9B500}.Ad-Hoc|ARM.ActiveCfg = Release|ARM
		{A24B8F6E-80D3-4DAE-8F0C-BF61C0B9B500}.Ad-Hoc|ARM.Build.0 = Release|ARM
		{A24B8F6E-80D3-4DAE-8F0C-BF61C0B9B500}.Ad-Hoc|ARM.Deploy.0 = Release|ARM
		{A24B8F6E-80D3-4DAE-8F0C-BF61C0B9B500}.Ad-Hoc|iPhone.ActiveCfg = Release|x86
		{A24B8F6E-80D3-4DAE-8F0C-BF61C0B9B500}.Ad-Hoc|iPhone.Build.0 = Release|x86
		{A24B8F6E-80D3-4DAE-8F0C-BF61C0B9B500}.Ad-Hoc|iPhone.Deploy.0 = Release|x86
		{A24B8F6E-80D3-4DAE-8F0C-BF61C0B9B500}.Ad-Hoc|iPhoneSimulator.ActiveCfg = Release|x86
		{A24B8F6E-80D3-4DAE-8F0C-BF61C0B9B500}.Ad-Hoc|iPhoneSimulator.Build.0 = Release|x86
		{A24B8F6E-80D3-4DAE-8F0C-BF61C0B9B500}.Ad-Hoc|iPhoneSimulator.Deploy.0 = Release|x86
		{A24B8F6E-80D3-4DAE-8F0C-BF61C0B9B500}.Ad-Hoc|x64.ActiveCfg = Release|x64
		{A24B8F6E-80D3-4DAE-8F0C-BF61C0B9B500}.Ad-Hoc|x64.Build.0 = Release|x64
		{A24B8F6E-80D3-4DAE-8F0C-BF61C0B9B500}.Ad-Hoc|x64.Deploy.0 = Release|x64
		{A24B8F6E-80D3-4DAE-8F0C-BF61C0B9B500}.Ad-Hoc|x86.ActiveCfg = Release|x86
		{A24B8F6E-80D3-4DAE-8F0C-BF61C0B9B500}.Ad-Hoc|x86.Build.0 = Release|x86
		{A24B8F6E-80D3-4DAE-8F0C-BF61C0B9B500}.Ad-Hoc|x86.Deploy.0 = Release|x86
		{A24B8F6E-80D3-4DAE-8F0C-BF61C0B9B500}.AppStore|Any CPU.ActiveCfg = Release|x86
		{A24B8F6E-80D3-4DAE-8F0C-BF61C0B9B500}.AppStore|Any CPU.Build.0 = Release|x86
		{A24B8F6E-80D3-4DAE-8F0C-BF61C0B9B500}.AppStore|Any CPU.Deploy.0 = Release|x86
		{A24B8F6E-80D3-4DAE-8F0C-BF61C0B9B500}.AppStore|ARM.ActiveCfg = Release|ARM
		{A24B8F6E-80D3-4DAE-8F0C-BF61C0B9B500}.AppStore|ARM.Build.0 = Release|ARM
		{A24B8F6E-80D3-4DAE-8F0C-BF61C0B9B500}.AppStore|ARM.Deploy.0 = Release|ARM
		{A24B8F6E-80D3-4DAE-8F0C-BF61C0B9B500}.AppStore|iPhone.ActiveCfg = Release|x86
		{A24B8F6E-80D3-4DAE-8F0C-BF61C0B9B500}.AppStore|iPhone.Build.0 = Release|x86
		{A24B8F6E-80D3-4DAE-8F0C-BF61C0B9B500}.AppStore|iPhone.Deploy.0 = Release|x86
		{A24B8F6E-80D3-4DAE-8F0C-BF61C0B9B500}.AppStore|iPhoneSimulator.ActiveCfg = Release|x86
		{A24B8F6E-80D3-4DAE-8F0C-BF61C0B9B500}.AppStore|iPhoneSimulator.Build.0 = Release|x86
		{A24B8F6E-80D3-4DAE-8F0C-BF61C0B9B500}.AppStore|iPhoneSimulator.Deploy.0 = Release|x86
		{A24B8F6E-80D3-4DAE-8F0C-BF61C0B9B500}.AppStore|x64.ActiveCfg = Release|x64
		{A24B8F6E-80D3-4DAE-8F0C-BF61C0B9B500}.AppStore|x64.Build.0 = Release|x64
		{A24B8F6E-80D3-4DAE-8F0C-BF61C0B9B500}.AppStore|x64.Deploy.0 = Release|x64
		{A24B8F6E-80D3-4DAE-8F0C-BF61C0B9B500}.AppStore|x86.ActiveCfg = Release|x86
		{A24B8F6E-80D3-4DAE-8F0C-BF61C0B9B500}.AppStore|x86.Build.0 = Release|x86
		{A24B8F6E-80D3-4DAE-8F0C-BF61C0B9B500}.AppStore|x86.Deploy.0 = Release|x86
		{A24B8F6E-80D3-4DAE-8F0C-BF61C0B9B500}.Debug|Any CPU.ActiveCfg = Debug|x86
		{A24B8F6E-80D3-4DAE-8F0C-BF61C0B9B500}.Debug|Any CPU.Build.0 = Debug|x86
		{A24B8F6E-80D3-4DAE-8F0C-BF61C0B9B500}.Debug|Any CPU.Deploy.0 = Debug|x86
		{A24B8F6E-80D3-4DAE-8F0C-BF61C0B9B500}.Debug|ARM.ActiveCfg = Debug|ARM
		{A24B8F6E-80D3-4DAE-8F0C-BF61C0B9B500}.Debug|ARM.Build.0 = Debug|ARM
		{A24B8F6E-80D3-4DAE-8F0C-BF61C0B9B500}.Debug|ARM.Deploy.0 = Debug|ARM
		{A24B8F6E-80D3-4DAE-8F0C-BF61C0B9B500}.Debug|iPhone.ActiveCfg = Debug|x86
		{A24B8F6E-80D3-4DAE-8F0C-BF61C0B9B500}.Debug|iPhone.Build.0 = Debug|x86
		{A24B8F6E-80D3-4DAE-8F0C-BF61C0B9B500}.Debug|iPhone.Deploy.0 = Debug|x86
		{A24B8F6E-80D3-4DAE-8F0C-BF61C0B9B500}.Debug|iPhoneSimulator.ActiveCfg = Debug|x86
		{A24B8F6E-80D3-4DAE-8F0C-BF61C0B9B500}.Debug|iPhoneSimulator.Build.0 = Debug|x86
		{A24B8F6E-80D3-4DAE-8F0C-BF61C0B9B500}.Debug|iPhoneSimulator.Deploy.0 = Debug|x86
		{A24B8F6E-80D3-4DAE-8F0C-BF61C0B9B500}.Debug|x64.ActiveCfg = Debug|x64
		{A24B8F6E-80D3-4DAE-8F0C-BF61C0B9B500}.Debug|x64.Build.0 = Debug|x64
		{A24B8F6E-80D3-4DAE-8F0C-BF61C0B9B500}.Debug|x64.Deploy.0 = Debug|x64
		{A24B8F6E-80D3-4DAE-8F0C-BF61C0B9B500}.Debug|x86.ActiveCfg = Debug|x86
		{A24B8F6E-80D3-4DAE-8F0C-BF61C0B9B500}.Debug|x86.Build.0 = Debug|x86
		{A24B8F6E-80D3-4DAE-8F0C-BF61C0B9B500}.Debug|x86.Deploy.0 = Debug|x86
		{A24B8F6E-80D3-4DAE-8F0C-BF61C0B9B500}.Release|Any CPU.ActiveCfg = Release|x86
		{A24B8F6E-80D3-4DAE-8F0C-BF61C0B9B500}.Release|Any CPU.Build.0 = Release|x86
		{A24B8F6E-80D3-4DAE-8F0C-BF61C0B9B500}.Release|Any CPU.Deploy.0 = Release|x86
		{A24B8F6E-80D3-4DAE-8F0C-BF61C0B9B500}.Release|ARM.ActiveCfg = Release|ARM
		{A24B8F6E-80D3-4DAE-8F0C-BF61C0B9B500}.Release|ARM.Build.0 = Release|ARM
		{A24B8F6E-80D3-4DAE-8F0C-BF61C0B9B500}.Release|ARM.Deploy.0 = Release|ARM
		{A24B8F6E-80D3-4DAE-8F0C-BF61C0B9B500}.Release|iPhone.ActiveCfg = Release|x86
		{A24B8F6E-80D3-4DAE-8F0C-BF61C0B9B500}.Release|iPhone.Build.0 = Release|x86
		{A24B8F6E-80D3-4DAE-8F0C-BF61C0B9B500}.Release|iPhone.Deploy.0 = Release|x86
		{A24B8F6E-80D3-4DAE-8F0C-BF61C0B9B500}.Release|iPhoneSimulator.ActiveCfg = Release|x86
		{A24B8F6E-80D3-4DAE-8F0C-BF61C0B9B500}.Release|iPhoneSimulator.Build.0 = Release|x86
		{A24B8F6E-80D3-4DAE-8F0C-BF61C0B9B500}.Release|iPhoneSimulator.Deploy.0 = Release|x86
		{A24B8F6E-80D3-4DAE-8F0C-BF61C0B9B500}.Release|x64.ActiveCfg = Release|x64
		{A24B8F6E-80D3-4DAE-8F0C-BF61C0B9B500}.Release|x64.Build.0 = Release|x64
		{A24B8F6E-80D3-4DAE-8F0C-BF61C0B9B500}.Release|x64.Deploy.0 = Release|x64
		{A24B8F6E-80D3-4DAE-8F0C-BF61C0B9B500}.Release|x86.ActiveCfg = Release|x86
		{A24B8F6E-80D3-4DAE-8F0C-BF61C0B9B500}.Release|x86.Build.0 = Release|x86
		{A24B8F6E-80D3-4DAE-8F0C-BF61C0B9B500}.Release|x86.Deploy.0 = Release|x86
		{33A3BE35-0DE5-4CA2-8CD0-3532610F28BB}.Ad-Hoc|Any CPU.ActiveCfg = Release|Any CPU
		{33A3BE35-0DE5-4CA2-8CD0-3532610F28BB}.Ad-Hoc|Any CPU.Build.0 = Release|Any CPU
		{33A3BE35-0DE5-4CA2-8CD0-3532610F28BB}.Ad-Hoc|ARM.ActiveCfg = Release|Any CPU
		{33A3BE35-0DE5-4CA2-8CD0-3532610F28BB}.Ad-Hoc|ARM.Build.0 = Release|Any CPU
		{33A3BE35-0DE5-4CA2-8CD0-3532610F28BB}.Ad-Hoc|iPhone.ActiveCfg = Release|Any CPU
		{33A3BE35-0DE5-4CA2-8CD0-3532610F28BB}.Ad-Hoc|iPhone.Build.0 = Release|Any CPU
		{33A3BE35-0DE5-4CA2-8CD0-3532610F28BB}.Ad-Hoc|iPhoneSimulator.ActiveCfg = Release|Any CPU
		{33A3BE35-0DE5-4CA2-8CD0-3532610F28BB}.Ad-Hoc|iPhoneSimulator.Build.0 = Release|Any CPU
		{33A3BE35-0DE5-4CA2-8CD0-3532610F28BB}.Ad-Hoc|x64.ActiveCfg = Release|Any CPU
		{33A3BE35-0DE5-4CA2-8CD0-3532610F28BB}.Ad-Hoc|x64.Build.0 = Release|Any CPU
		{33A3BE35-0DE5-4CA2-8CD0-3532610F28BB}.Ad-Hoc|x86.ActiveCfg = Release|Any CPU
		{33A3BE35-0DE5-4CA2-8CD0-3532610F28BB}.Ad-Hoc|x86.Build.0 = Release|Any CPU
		{33A3BE35-0DE5-4CA2-8CD0-3532610F28BB}.AppStore|Any CPU.ActiveCfg = Release|Any CPU
		{33A3BE35-0DE5-4CA2-8CD0-3532610F28BB}.AppStore|Any CPU.Build.0 = Release|Any CPU
		{33A3BE35-0DE5-4CA2-8CD0-3532610F28BB}.AppStore|ARM.ActiveCfg = Release|Any CPU
		{33A3BE35-0DE5-4CA2-8CD0-3532610F28BB}.AppStore|ARM.Build.0 = Release|Any CPU
		{33A3BE35-0DE5-4CA2-8CD0-3532610F28BB}.AppStore|iPhone.ActiveCfg = Release|Any CPU
		{33A3BE35-0DE5-4CA2-8CD0-3532610F28BB}.AppStore|iPhone.Build.0 = Release|Any CPU
		{33A3BE35-0DE5-4CA2-8CD0-3532610F28BB}.AppStore|iPhoneSimulator.ActiveCfg = Release|Any CPU
		{33A3BE35-0DE5-4CA2-8CD0-3532610F28BB}.AppStore|iPhoneSimulator.Build.0 = Release|Any CPU
		{33A3BE35-0DE5-4CA2-8CD0-3532610F28BB}.AppStore|x64.ActiveCfg = Release|Any CPU
		{33A3BE35-0DE5-4CA2-8CD0-3532610F28BB}.AppStore|x64.Build.0 = Release|Any CPU
		{33A3BE35-0DE5-4CA2-8CD0-3532610F28BB}.AppStore|x86.ActiveCfg = Release|Any CPU
		{33A3BE35-0DE5-4CA2-8CD0-3532610F28BB}.AppStore|x86.Build.0 = Release|Any CPU
		{33A3BE35-0DE5-4CA2-8CD0-3532610F28BB}.Debug|Any CPU.ActiveCfg = Debug|Any CPU
		{33A3BE35-0DE5-4CA2-8CD0-3532610F28BB}.Debug|Any CPU.Build.0 = Debug|Any CPU
		{33A3BE35-0DE5-4CA2-8CD0-3532610F28BB}.Debug|ARM.ActiveCfg = Debug|Any CPU
		{33A3BE35-0DE5-4CA2-8CD0-3532610F28BB}.Debug|ARM.Build.0 = Debug|Any CPU
		{33A3BE35-0DE5-4CA2-8CD0-3532610F28BB}.Debug|iPhone.ActiveCfg = Debug|Any CPU
		{33A3BE35-0DE5-4CA2-8CD0-3532610F28BB}.Debug|iPhone.Build.0 = Debug|Any CPU
		{33A3BE35-0DE5-4CA2-8CD0-3532610F28BB}.Debug|iPhoneSimulator.ActiveCfg = Debug|Any CPU
		{33A3BE35-0DE5-4CA2-8CD0-3532610F28BB}.Debug|iPhoneSimulator.Build.0 = Debug|Any CPU
		{33A3BE35-0DE5-4CA2-8CD0-3532610F28BB}.Debug|x64.ActiveCfg = Debug|Any CPU
		{33A3BE35-0DE5-4CA2-8CD0-3532610F28BB}.Debug|x64.Build.0 = Debug|Any CPU
		{33A3BE35-0DE5-4CA2-8CD0-3532610F28BB}.Debug|x86.ActiveCfg = Debug|Any CPU
		{33A3BE35-0DE5-4CA2-8CD0-3532610F28BB}.Debug|x86.Build.0 = Debug|Any CPU
		{33A3BE35-0DE5-4CA2-8CD0-3532610F28BB}.Release|Any CPU.ActiveCfg = Release|Any CPU
		{33A3BE35-0DE5-4CA2-8CD0-3532610F28BB}.Release|Any CPU.Build.0 = Release|Any CPU
		{33A3BE35-0DE5-4CA2-8CD0-3532610F28BB}.Release|ARM.ActiveCfg = Release|Any CPU
		{33A3BE35-0DE5-4CA2-8CD0-3532610F28BB}.Release|ARM.Build.0 = Release|Any CPU
		{33A3BE35-0DE5-4CA2-8CD0-3532610F28BB}.Release|iPhone.ActiveCfg = Release|Any CPU
		{33A3BE35-0DE5-4CA2-8CD0-3532610F28BB}.Release|iPhone.Build.0 = Release|Any CPU
		{33A3BE35-0DE5-4CA2-8CD0-3532610F28BB}.Release|iPhoneSimulator.ActiveCfg = Release|Any CPU
		{33A3BE35-0DE5-4CA2-8CD0-3532610F28BB}.Release|iPhoneSimulator.Build.0 = Release|Any CPU
		{33A3BE35-0DE5-4CA2-8CD0-3532610F28BB}.Release|x64.ActiveCfg = Release|Any CPU
		{33A3BE35-0DE5-4CA2-8CD0-3532610F28BB}.Release|x64.Build.0 = Release|Any CPU
		{33A3BE35-0DE5-4CA2-8CD0-3532610F28BB}.Release|x86.ActiveCfg = Release|Any CPU
		{33A3BE35-0DE5-4CA2-8CD0-3532610F28BB}.Release|x86.Build.0 = Release|Any CPU
	EndGlobalSection
	GlobalSection(SolutionProperties) = preSolution
		HideSolutionNode = FALSE
	EndGlobalSection
	GlobalSection(ExtensibilityGlobals) = postSolution
		SolutionGuid = {E5C33FBC-B90E-41AB-861E-4CBD7B08DFB3}
	EndGlobalSection
EndGlobal
